{"name":"river-agent","version":"0.1.0","lockfileVersion":3,"requires":true,"packages":{"":{"name":"river-agent","version":"0.1.0","devDependencies":{"@cloudflare/workers-types":"^5.20260828.1","typescript":"^5.9.2","wrangler":"^4.33.0"},"engines":{"node":">=20"}},"node_modules/@cloudflare/kv-asset-handler":{"version":"0.5.0","resolved":"https://registry.npmjs.org/@cloudflare/kv-asset-handler/-/kv-asset-handler-0.5.0.tgz","integrity":"sha512-jxQYkj8dSIzc0cD6cMMNdOc1UVjqSqu8BZdor5s8cGjW2I8BjODt/kWPVdY+u9zj3ms75Q5qaZgnxUad83+eAg==","dev":true,"license":"MIT OR Apache-2.0","engines":{"node":">=22.0.0"}},"node_modules/@cloudflare/unenv-preset":{"version":"2.16.1","resolved":"https://registry.npmjs.org/@cloudflare/unenv-preset/-/unenv-preset-2.16.1.tgz","integrity":"sha512-ECxObrMfyTl5bhQf/lZCXwo5G6xX9IAUo+nDMKK4SZ8m4Jvvxp52vilxyySSWh2YTZz8+HQ07qGH/2rEom1vDw==","dev":true,"license":"MIT OR Apache-2.0","peerDependencies":{"unenv":"2.0.0-rc.24","workerd":">1.20260305.0 <2.0.0-0"},"peerDependenciesMeta":{"workerd":{"optional":true}}},"node_modules/@cloudflare/workerd-darwin-64":{"version":"1.20260828.1","resolved":"https://registry.npmjs.org/@cloudflare/workerd-darwin-64/-/workerd-darwin-64-1.20260828.1.tgz","integrity":"sha512-CVd-xPhqUESg8Xhq09TZx0wl4FSirfJGOzvbPz2yHhBIvmNHFFQkSN3rkd7wEwnhQQk37Xi0/aD6ykPLJbmGiQ==","cpu":["x64"],"dev":true,"license":"Apache-2.0","optional":true,"os":["darwin"],"engines":{"node":">=16"}},"node_modules/@cloudflare/workerd-darwin-arm64":{"version":"1.20260828.1","resolved":"https://registry.npmjs.org/@cloudflare/workerd-darwin-arm64/-/workerd-darwin-arm64-1.20260828.1.tgz","integrity":"sha512-5HDPXRM152vU5JveByGFk34X57TVyIsfp4cabepAf45DC0MKvm52ucJqAjW1h8bvW4X+zRw9GU35OHF9FEC9Ww==","cpu":["arm64"],"dev":true,"license":"Apache-2.0","optional":true,"os":["darwin"],"engines":{"node":">=16"}},"node_modules/@cloudflare/workerd-linux-64":{"version":"1.20260828.1","resolved":"https://registry.npmjs.org/@cloudflare/workerd-linux-64/-/workerd-linux-64-1.20260828.1.tgz","integrity":"sha512-MQ1Ll9P7F72HHUKizbb7BlDfbY8fRoNMpbIpZoU6uKsSkneFICWSKv6UlgU9EQZ+w0i7TMa12iUgJ8l29eRI9A==","cpu":["x64"],"dev":true,"license":"Apache-2.0","optional":true,"os":["linux"],"engines":{"node":">=16"}},"node_modules/@cloudflare/workerd-linux-arm64":{"version":"1.20260828.1","resolved":"https://registry.npmjs.org/@cloudflare/workerd-linux-arm64/-/workerd-linux-arm64-1.20260828.1.tgz","integrity":"sha512-FBTaUQ1xcU9jcp4OyBPcH8x0QiFvc1iuZL2GkD8zp2q1WyTVHYOptRDQUU+cuHjt0rQ2EIKVPBjahPxfa0joBw==","cpu":["arm64"],"dev":true,"license":"Apache-2.0","optional":true,"os":["linux"],"engines":{"node":">=16"}},"node_modules/@cloudflare/workerd-windows-64":{"version":"1.20260828.1","resolved":"https://registry.npmjs.org/@cloudflare/workerd-windows-64/-/workerd-windows-64-1.20260828.1.tgz","integrity":"sha512-yvr77hC7dUbvK5K+SCg062kkPq3sx-drV1PcgHslzHDYcJBtT0V3X80qLE49LW1vq2svaeNmsVQS+vHsqWu8cQ==","cpu":["x64"],"dev":true,"license":"Apache-2.0","optional":true,"os":["win32"],"engines":{"node":">=16"}}}}